// !$*UTF8*$!
{
	archiveVersion = 1;
	classes = {
	};
	objectVersion = 56;
	objects = {

/* Begin PBXBuildFile section */
		C0565C832D4BBE7900496462 /* AppDelegate.swift in Sources */ = {isa = PBXBuildFile; fileRef = C0565C822D4BBE7900496462 /* AppDelegate.swift */; };
		C0565C852D4BBE7900496462 /* SceneDelegate.swift in Sources */ = {isa = PBXBuildFile; fileRef = C0565C842D4BBE7900496462 /* SceneDelegate.swift */; };
		C0565C872D4BBE7900496462 /* Home.swift in Sources */ = {isa = PBXBuildFile; fileRef = C0565C862D4BBE7900496462 /* Home.swift */; };
		C0565C8A2D4BBE7900496462 /* Base in Resources */ = {isa = PBXBuildFile; fileRef = C0565C892D4BBE7900496462 /* Base */; };
		C0565C8C2D4BBE7B00496462 /* Assets.xcassets in Resources */ = {isa = PBXBuildFile; fileRef = C0565C8B2D4BBE7B00496462 /* Assets.xcassets */; };
		C0565C8F2D4BBE7B00496462 /* Base in Resources */ = {isa = PBXBuildFile; fileRef = C0565C8E2D4BBE7B00496462 /* Base */; };
		C0565C9A2D4BBE7B00496462 /* Swift_NewsFeedTests.swift in Sources */ = {isa = PBXBuildFile; fileRef = C0565C992D4BBE7B00496462 /* Swift_NewsFeedTests.swift */; };
		C0565CA42D4BBE7B00496462 /* Swift_NewsFeedUITests.swift in Sources */ = {isa = PBXBuildFile; fileRef = C0565CA32D4BBE7B00496462 /* Swift_NewsFeedUITests.swift */; };
		C0565CA62D4BBE7B00496462 /* Swift_NewsFeedUITestsLaunchTests.swift in Sources */ = {isa = PBXBuildFile; fileRef = C0565CA52D4BBE7B00496462 /* Swift_NewsFeedUITestsLaunchTests.swift */; };
		C0565CB62D4BEA2900496462 /* MockData.swift in Sources */ = {isa = PBXBuildFile; fileRef = C0565CB52D4BEA2900496462 /* MockData.swift */; };
		C0565CBD2D4BF4D400496462 /* TrendingCollectionViewCell.swift in Sources */ = {isa = PBXBuildFile; fileRef = C0565CBC2D4BF4D400496462 /* TrendingCollectionViewCell.swift */; };
		C0565CBF2D4BF4E400496462 /* RecentCollectionViewCell.swift in Sources */ = {isa = PBXBuildFile; fileRef = C0565CBE2D4BF4E400496462 /* RecentCollectionViewCell.swift */; };
		C0565CC42D4CE45500496462 /* HomeCollectionReusableView.swift in Sources */ = {isa = PBXBuildFile; fileRef = C0565CC22D4CE45500496462 /* HomeCollectionReusableView.swift */; };
		C0565CC52D4CE45500496462 /* HomeCollectionReusableView.xib in Resources */ = {isa = PBXBuildFile; fileRef = C0565CC32D4CE45500496462 /* HomeCollectionReusableView.xib */; };
		C0565CC92D4CF0FC00496462 /* UIView+Extension.swift in Sources */ = {isa = PBXBuildFile; fileRef = C0565CC82D4CF0FC00496462 /* UIView+Extension.swift */; };
		C0565CCC2D4CF19B00496462 /* CardView.swift in Sources */ = {isa = PBXBuildFile; fileRef = C0565CCB2D4CF19B00496462 /* CardView.swift */; };
		C0565CD02D4D137A00496462 /* OnboardViewController.swift in Sources */ = {isa = PBXBuildFile; fileRef = C0565CCF2D4D137A00496462 /* OnboardViewController.swift */; };
		C0565CD42D4D13D100496462 /* OnboardCollectionViewCell.swift in Sources */ = {isa = PBXBuildFile; fileRef = C0565CD32D4D13D100496462 /* OnboardCollectionViewCell.swift */; };
		C0565CD62D4D142000496462 /* OnboardMockData.swift in Sources */ = {isa = PBXBuildFile; fileRef = C0565CD52D4D142000496462 /* OnboardMockData.swift */; };
		C0565CD82D4D537600496462 /* String+Extension.swift in Sources */ = {isa = PBXBuildFile; fileRef = C0565CD72D4D537600496462 /* String+Extension.swift */; };
		C0565CDD2D4D53CE00496462 /* Route.swift in Sources */ = {isa = PBXBuildFile; fileRef = C0565CDC2D4D53CE00496462 /* Route.swift */; };
		C0565CDF2D4D541B00496462 /* Method.swift in Sources */ = {isa = PBXBuildFile; fileRef = C0565CDE2D4D541B00496462 /* Method.swift */; };
		C0565CE12D4D547200496462 /* AppError.swift in Sources */ = {isa = PBXBuildFile; fileRef = C0565CE02D4D547200496462 /* AppError.swift */; };
		C0565CE32D4D5BC800496462 /* ServiceManager.swift in Sources */ = {isa = PBXBuildFile; fileRef = C0565CE22D4D5BC800496462 /* ServiceManager.swift */; };
/* End PBXBuildFile section */

/* Begin PBXContainerItemProxy section */
		C0565C962D4BBE7B00496462 /* PBXContainerItemProxy */ = {
			isa = PBXContainerItemProxy;
			containerPortal = C0565C772D4BBE7900496462 /* Project object */;
			proxyType = 1;
			remoteGlobalIDString = C0565C7E2D4BBE7900496462;
			remoteInfo = "Swift-NewsFeed";
		};
		C0565CA02D4BBE7B00496462 /* PBXContainerItemProxy */ = {
			isa = PBXContainerItemProxy;
			containerPortal = C0565C772D4BBE7900496462 /* Project object */;
			proxyType = 1;
			remoteGlobalIDString = C0565C7E2D4BBE7900496462;
			remoteInfo = "Swift-NewsFeed";
		};
/* End PBXContainerItemProxy section */

/* Begin PBXFileReference section */
		C0565C7F2D4BBE7900496462 /* Swift-NewsFeed.app */ = {isa = PBXFileReference; explicitFileType = wrapper.application; includeInIndex = 0; path = "Swift-NewsFeed.app"; sourceTree = BUILT_PRODUCTS_DIR; };
		C0565C822D4BBE7900496462 /* AppDelegate.swift */ = {isa = PBXFileReference; lastKnownFileType = sourcecode.swift; path = AppDelegate.swift; sourceTree = "<group>"; };
		C0565C842D4BBE7900496462 /* SceneDelegate.swift */ = {isa = PBXFileReference; lastKnownFileType = sourcecode.swift; path = SceneDelegate.swift; sourceTree = "<group>"; };
		C0565C862D4BBE7900496462 /* Home.swift */ = {isa = PBXFileReference; lastKnownFileType = sourcecode.swift; path = Home.swift; sourceTree = "<group>"; };
		C0565C892D4BBE7900496462 /* Base */ = {isa = PBXFileReference; lastKnownFileType = file.storyboard; name = Base; path = Base.lproj/Main.storyboard; sourceTree = "<group>"; };
		C0565C8B2D4BBE7B00496462 /* Assets.xcassets */ = {isa = PBXFileReference; lastKnownFileType = folder.assetcatalog; path = Assets.xcassets; sourceTree = "<group>"; };
		C0565C8E2D4BBE7B00496462 /* Base */ = {isa = PBXFileReference; lastKnownFileType = file.storyboard; name = Base; path = Base.lproj/LaunchScreen.storyboard; sourceTree = "<group>"; };
		C0565C902D4BBE7B00496462 /* Info.plist */ = {isa = PBXFileReference; lastKnownFileType = text.plist.xml; path = Info.plist; sourceTree = "<group>"; };
		C0565C952D4BBE7B00496462 /* Swift-NewsFeedTests.xctest */ = {isa = PBXFileReference; explicitFileType = wrapper.cfbundle; includeInIndex = 0; path = "Swift-NewsFeedTests.xctest"; sourceTree = BUILT_PRODUCTS_DIR; };
		C0565C992D4BBE7B00496462 /* Swift_NewsFeedTests.swift */ = {isa = PBXFileReference; lastKnownFileType = sourcecode.swift; path = Swift_NewsFeedTests.swift; sourceTree = "<group>"; };
		C0565C9F2D4BBE7B00496462 /* Swift-NewsFeedUITests.xctest */ = {isa = PBXFileReference; explicitFileType = wrapper.cfbundle; includeInIndex = 0; path = "Swift-NewsFeedUITests.xctest"; sourceTree = BUILT_PRODUCTS_DIR; };
		C0565CA32D4BBE7B00496462 /* Swift_NewsFeedUITests.swift */ = {isa = PBXFileReference; lastKnownFileType = sourcecode.swift; path = Swift_NewsFeedUITests.swift; sourceTree = "<group>"; };
		C0565CA52D4BBE7B00496462 /* Swift_NewsFeedUITestsLaunchTests.swift */ = {isa = PBXFileReference; lastKnownFileType = sourcecode.swift; path = Swift_NewsFeedUITestsLaunchTests.swift; sourceTree = "<group>"; };
		C0565CB52D4BEA2900496462 /* MockData.swift */ = {isa = PBXFileReference; lastKnownFileType = sourcecode.swift; path = MockData.swift; sourceTree = "<group>"; };
		C0565CBC2D4BF4D400496462 /* TrendingCollectionViewCell.swift */ = {isa = PBXFileReference; lastKnownFileType = sourcecode.swift; path = TrendingCollectionViewCell.swift; sourceTree = "<group>"; };
		C0565CBE2D4BF4E400496462 /* RecentCollectionViewCell.swift */ = {isa = PBXFileReference; lastKnownFileType = sourcecode.swift; path = RecentCollectionViewCell.swift; sourceTree = "<group>"; };
		C0565CC22D4CE45500496462 /* HomeCollectionReusableView.swift */ = {isa = PBXFileReference; lastKnownFileType = sourcecode.swift; path = HomeCollectionReusableView.swift; sourceTree = "<group>"; };
		C0565CC32D4CE45500496462 /* HomeCollectionReusableView.xib */ = {isa = PBXFileReference; lastKnownFileType = file.xib; path = HomeCollectionReusableView.xib; sourceTree = "<group>"; };
		C0565CC82D4CF0FC00496462 /* UIView+Extension.swift */ = {isa = PBXFileReference; lastKnownFileType = sourcecode.swift; path = "UIView+Extension.swift"; sourceTree = "<group>"; };
		C0565CCB2D4CF19B00496462 /* CardView.swift */ = {isa = PBXFileReference; lastKnownFileType = sourcecode.swift; path = CardView.swift; sourceTree = "<group>"; };
		C0565CCF2D4D137A00496462 /* OnboardViewController.swift */ = {isa = PBXFileReference; lastKnownFileType = sourcecode.swift; path = OnboardViewController.swift; sourceTree = "<group>"; };
		C0565CD32D4D13D100496462 /* OnboardCollectionViewCell.swift */ = {isa = PBXFileReference; lastKnownFileType = sourcecode.swift; path = OnboardCollectionViewCell.swift; sourceTree = "<group>"; };
		C0565CD52D4D142000496462 /* OnboardMockData.swift */ = {isa = PBXFileReference; lastKnownFileType = sourcecode.swift; path = OnboardMockData.swift; sourceTree = "<group>"; };
		C0565CD72D4D537600496462 /* String+Extension.swift */ = {isa = PBXFileReference; lastKnownFileType = sourcecode.swift; path = "String+Extension.swift"; sourceTree = "<group>"; };
		C0565CDC2D4D53CE00496462 /* Route.swift */ = {isa = PBXFileReference; lastKnownFileType = sourcecode.swift; path = Route.swift; sourceTree = "<group>"; };
		C0565CDE2D4D541B00496462 /* Method.swift */ = {isa = PBXFileReference; lastKnownFileType = sourcecode.swift; path = Method.swift; sourceTree = "<group>"; };
		C0565CE02D4D547200496462 /* AppError.swift */ = {isa = PBXFileReference; lastKnownFileType = sourcecode.swift; path = AppError.swift; sourceTree = "<group>"; };
		C0565CE22D4D5BC800496462 /* ServiceManager.swift */ = {isa = PBXFileReference; lastKnownFileType = sourcecode.swift; path = ServiceManager.swift; sourceTree = "<group>"; };
/* End PBXFileReference section */

/* Begin PBXFrameworksBuildPhase section */
		C0565C7C2D4BBE7900496462 /* Frameworks */ = {
			isa = PBXFrameworksBuildPhase;
			buildActionMask = 2147483647;
			files = (
			);
			runOnlyForDeploymentPostprocessing = 0;
		};
		C0565C922D4BBE7B00496462 /* Frameworks */ = {
			isa = PBXFrameworksBuildPhase;
			buildActionMask = 2147483647;
			files = (
			);
			runOnlyForDeploymentPostprocessing = 0;
		};
		C0565C9C2D4BBE7B00496462 /* Frameworks */ = {
			isa = PBXFrameworksBuildPhase;
			buildActionMask = 2147483647;
			files = (
			);
			runOnlyForDeploymentPostprocessing = 0;
		};
/* End PBXFrameworksBuildPhase section */

/* Begin PBXGroup section */
		C0565C762D4BBE7900496462 = {
			isa = PBXGroup;
			children = (
				C0565C812D4BBE7900496462 /* Swift-NewsFeed */,
				C0565C982D4BBE7B00496462 /* Swift-NewsFeedTests */,
				C0565CA22D4BBE7B00496462 /* Swift-NewsFeedUITests */,
				C0565C802D4BBE7900496462 /* Products */,
			);
			sourceTree = "<group>";
		};
		C0565C802D4BBE7900496462 /* Products */ = {
			isa = PBXGroup;
			children = (
				C0565C7F2D4BBE7900496462 /* Swift-NewsFeed.app */,
				C0565C952D4BBE7B00496462 /* Swift-NewsFeedTests.xctest */,
				C0565C9F2D4BBE7B00496462 /* Swift-NewsFeedUITests.xctest */,
			);
			name = Products;
			sourceTree = "<group>";
		};
		C0565C812D4BBE7900496462 /* Swift-NewsFeed */ = {
			isa = PBXGroup;
			children = (
				C0565CB32D4BEA1700496462 /* DATA */,
				C0565CB22D4BEA1300496462 /* UI */,
				C0565C882D4BBE7900496462 /* Main.storyboard */,
				C0565C8B2D4BBE7B00496462 /* Assets.xcassets */,
				C0565C8D2D4BBE7B00496462 /* LaunchScreen.storyboard */,
				C0565C902D4BBE7B00496462 /* Info.plist */,
			);
			path = "Swift-NewsFeed";
			sourceTree = "<group>";
		};
		C0565C982D4BBE7B00496462 /* Swift-NewsFeedTests */ = {
			isa = PBXGroup;
			children = (
				C0565C992D4BBE7B00496462 /* Swift_NewsFeedTests.swift */,
			);
			path = "Swift-NewsFeedTests";
			sourceTree = "<group>";
		};
		C0565CA22D4BBE7B00496462 /* Swift-NewsFeedUITests */ = {
			isa = PBXGroup;
			children = (
				C0565CA32D4BBE7B00496462 /* Swift_NewsFeedUITests.swift */,
				C0565CA52D4BBE7B00496462 /* Swift_NewsFeedUITestsLaunchTests.swift */,
			);
			path = "Swift-NewsFeedUITests";
			sourceTree = "<group>";
		};
		C0565CB22D4BEA1300496462 /* UI */ = {
			isa = PBXGroup;
			children = (
				C0565CC02D4BF69300496462 /* Views */,
				C0565CB72D4BF44F00496462 /* CustomView */,
			);
			path = UI;
			sourceTree = "<group>";
		};
		C0565CB32D4BEA1700496462 /* DATA */ = {
			isa = PBXGroup;
			children = (
				C0565CDB2D4D53BB00496462 /* enums */,
				C0565CD92D4D53A400496462 /* Service */,
				C0565CC72D4CF0E100496462 /* Extension */,
				C0565C822D4BBE7900496462 /* AppDelegate.swift */,
				C0565C842D4BBE7900496462 /* SceneDelegate.swift */,
				C0565CB42D4BEA2000496462 /* models */,
			);
			path = DATA;
			sourceTree = "<group>";
		};
		C0565CB42D4BEA2000496462 /* models */ = {
			isa = PBXGroup;
			children = (
				C0565CB52D4BEA2900496462 /* MockData.swift */,
				C0565CD52D4D142000496462 /* OnboardMockData.swift */,
			);
			path = models;
			sourceTree = "<group>";
		};
		C0565CB72D4BF44F00496462 /* CustomView */ = {
			isa = PBXGroup;
			children = (
				C0565CCA2D4CF14800496462 /* CardView */,
				C0565CB82D4BF45500496462 /* CollectionView */,
			);
			path = CustomView;
			sourceTree = "<group>";
		};
		C0565CB82D4BF45500496462 /* CollectionView */ = {
			isa = PBXGroup;
			children = (
				C0565CD12D4D13BA00496462 /* Onboard */,
				C0565CB92D4BF46200496462 /* Home */,
			);
			path = CollectionView;
			sourceTree = "<group>";
		};
		C0565CB92D4BF46200496462 /* Home */ = {
			isa = PBXGroup;
			children = (
				C0565CC62D4CE46000496462 /* HomeReusable */,
				C0565CBB2D4BF49500496462 /* RecentCollectionViewCell */,
				C0565CBA2D4BF47900496462 /* TrendingCollectionViewCell */,
			);
			path = Home;
			sourceTree = "<group>";
		};
		C0565CBA2D4BF47900496462 /* TrendingCollectionViewCell */ = {
			isa = PBXGroup;
			children = (
				C0565CBC2D4BF4D400496462 /* TrendingCollectionViewCell.swift */,
			);
			path = TrendingCollectionViewCell;
			sourceTree = "<group>";
		};
		C0565CBB2D4BF49500496462 /* RecentCollectionViewCell */ = {
			isa = PBXGroup;
			children = (
				C0565CBE2D4BF4E400496462 /* RecentCollectionViewCell.swift */,
			);
			path = RecentCollectionViewCell;
			sourceTree = "<group>";
		};
		C0565CC02D4BF69300496462 /* Views */ = {
			isa = PBXGroup;
			children = (
				C0565CCE2D4D136200496462 /* Onboard */,
				C0565CC12D4BF69700496462 /* Home */,
			);
			path = Views;
			sourceTree = "<group>";
		};
		C0565CC12D4BF69700496462 /* Home */ = {
			isa = PBXGroup;
			children = (
				C0565C862D4BBE7900496462 /* Home.swift */,
			);
			path = Home;
			sourceTree = "<group>";
		};
		C0565CC62D4CE46000496462 /* HomeReusable */ = {
			isa = PBXGroup;
			children = (
				C0565CC22D4CE45500496462 /* HomeCollectionReusableView.swift */,
				C0565CC32D4CE45500496462 /* HomeCollectionReusableView.xib */,
			);
			path = HomeReusable;
			sourceTree = "<group>";
		};
		C0565CC72D4CF0E100496462 /* Extension */ = {
			isa = PBXGroup;
			children = (
				C0565CC82D4CF0FC00496462 /* UIView+Extension.swift */,
				C0565CD72D4D537600496462 /* String+Extension.swift */,
			);
			path = Extension;
			sourceTree = "<group>";
		};
		C0565CCA2D4CF14800496462 /* CardView */ = {
			isa = PBXGroup;
			children = (
				C0565CCB2D4CF19B00496462 /* CardView.swift */,
			);
			path = CardView;
			sourceTree = "<group>";
		};
		C0565CCE2D4D136200496462 /* Onboard */ = {
			isa = PBXGroup;
			children = (
				C0565CCF2D4D137A00496462 /* OnboardViewController.swift */,
			);
			path = Onboard;
			sourceTree = "<group>";
		};
		C0565CD12D4D13BA00496462 /* Onboard */ = {
			isa = PBXGroup;
			children = (
				C0565CD22D4D13BF00496462 /* OnboardCollectionViewCell */,
			);
			path = Onboard;
			sourceTree = "<group>";
		};
		C0565CD22D4D13BF00496462 /* OnboardCollectionViewCell */ = {
			isa = PBXGroup;
			children = (
				C0565CD32D4D13D100496462 /* OnboardCollectionViewCell.swift */,
			);
			path = OnboardCollectionViewCell;
			sourceTree = "<group>";
		};
		C0565CD92D4D53A400496462 /* Service */ = {
			isa = PBXGroup;
			children = (
				C0565CDA2D4D53AF00496462 /* ServiceManager */,
			);
			path = Service;
			sourceTree = "<group>";
		};
		C0565CDA2D4D53AF00496462 /* ServiceManager */ = {
			isa = PBXGroup;
			children = (
				C0565CE22D4D5BC800496462 /* ServiceManager.swift */,
			);
			path = ServiceManager;
			sourceTree = "<group>";
		};
		C0565CDB2D4D53BB00496462 /* enums */ = {
			isa = PBXGroup;
			children = (
				C0565CDC2D4D53CE00496462 /* Route.swift */,
				C0565CDE2D4D541B00496462 /* Method.swift */,
				C0565CE02D4D547200496462 /* AppError.swift */,
			);
			path = enums;
			sourceTree = "<group>";
		};
/* End PBXGroup section */

/* Begin PBXNativeTarget section */
		C0565C7E2D4BBE7900496462 /* Swift-NewsFeed */ = {
			isa = PBXNativeTarget;
			buildConfigurationList = C0565CA92D4BBE7B00496462 /* Build configuration list for PBXNativeTarget "Swift-NewsFeed" */;
			buildPhases = (
				C0565C7B2D4BBE7900496462 /* Sources */,
				C0565C7C2D4BBE7900496462 /* Frameworks */,
				C0565C7D2D4BBE7900496462 /* Resources */,
			);
			buildRules = (
			);
			dependencies = (
			);
			name = "Swift-NewsFeed";
			productName = "Swift-NewsFeed";
			productReference = C0565C7F2D4BBE7900496462 /* Swift-NewsFeed.app */;
			productType = "com.apple.product-type.application";
		};
		C0565C942D4BBE7B00496462 /* Swift-NewsFeedTests */ = {
			isa = PBXNativeTarget;
			buildConfigurationList = C0565CAC2D4BBE7B00496462 /* Build configuration list for PBXNativeTarget "Swift-NewsFeedTests" */;
			buildPhases = (
				C0565C912D4BBE7B00496462 /* Sources */,
				C0565C922D4BBE7B00496462 /* Frameworks */,
				C0565C932D4BBE7B00496462 /* Resources */,
			);
			buildRules = (
			);
			dependencies = (
				C0565C972D4BBE7B00496462 /* PBXTargetDependency */,
			);
			name = "Swift-NewsFeedTests";
			productName = "Swift-NewsFeedTests";
			productReference = C0565C952D4BBE7B00496462 /* Swift-NewsFeedTests.xctest */;
			productType = "com.apple.product-type.bundle.unit-test";
		};
		C0565C9E2D4BBE7B00496462 /* Swift-NewsFeedUITests */ = {
			isa = PBXNativeTarget;
			buildConfigurationList = C0565CAF2D4BBE7B00496462 /* Build configuration list for PBXNativeTarget "Swift-NewsFeedUITests" */;
			buildPhases = (
				C0565C9B2D4BBE7B00496462 /* Sources */,
				C0565C9C2D4BBE7B00496462 /* Frameworks */,
				C0565C9D2D4BBE7B00496462 /* Resources */,
			);
			buildRules = (
			);
			dependencies = (
				C0565CA12D4BBE7B00496462 /* PBXTargetDependency */,
			);
			name = "Swift-NewsFeedUITests";
			productName = "Swift-NewsFeedUITests";
			productReference = C0565C9F2D4BBE7B00496462 /* Swift-NewsFeedUITests.xctest */;
			productType = "com.apple.product-type.bundle.ui-testing";
		};
/* End PBXNativeTarget section */

/* Begin PBXProject section */
		C0565C772D4BBE7900496462 /* Project object */ = {
			isa = PBXProject;
			attributes = {
				BuildIndependentTargetsInParallel = 1;
				LastSwiftUpdateCheck = 1540;
				LastUpgradeCheck = 1540;
				TargetAttributes = {
					C0565C7E2D4BBE7900496462 = {
						CreatedOnToolsVersion = 15.4;
					};
					C0565C942D4BBE7B00496462 = {
						CreatedOnToolsVersion = 15.4;
						TestTargetID = C0565C7E2D4BBE7900496462;
					};
					C0565C9E2D4BBE7B00496462 = {
						CreatedOnToolsVersion = 15.4;
						TestTargetID = C0565C7E2D4BBE7900496462;
					};
				};
			};
			buildConfigurationList = C0565C7A2D4BBE7900496462 /* Build configuration list for PBXProject "Swift-NewsFeed" */;
			compatibilityVersion = "Xcode 14.0";
			developmentRegion = en;
			hasScannedForEncodings = 0;
			knownRegions = (
				en,
				Base,
			);
			mainGroup = C0565C762D4BBE7900496462;
			productRefGroup = C0565C802D4BBE7900496462 /* Products */;
			projectDirPath = "";
			projectRoot = "";
			targets = (
				C0565C7E2D4BBE7900496462 /* Swift-NewsFeed */,
				C0565C942D4BBE7B00496462 /* Swift-NewsFeedTests */,
				C0565C9E2D4BBE7B00496462 /* Swift-NewsFeedUITests */,
			);
		};
/* End PBXProject section */

/* Begin PBXResourcesBuildPhase section */
		C0565C7D2D4BBE7900496462 /* Resources */ = {
			isa = PBXResourcesBuildPhase;
			buildActionMask = 2147483647;
			files = (
				C0565C8C2D4BBE7B00496462 /* Assets.xcassets in Resources */,
				C0565C8F2D4BBE7B00496462 /* Base in Resources */,
				C0565CC52D4CE45500496462 /* HomeCollectionReusableView.xib in Resources */,
				C0565C8A2D4BBE7900496462 /* Base in Resources */,
			);
			runOnlyForDeploymentPostprocessing = 0;
		};
		C0565C932D4BBE7B00496462 /* Resources */ = {
			isa = PBXResourcesBuildPhase;
			buildActionMask = 2147483647;
			files = (
			);
			runOnlyForDeploymentPostprocessing = 0;
		};
		C0565C9D2D4BBE7B00496462 /* Resources */ = {
			isa = PBXResourcesBuildPhase;
			buildActionMask = 2147483647;
			files = (
			);
			runOnlyForDeploymentPostprocessing = 0;
		};
/* End PBXResourcesBuildPhase section */

/* Begin PBXSourcesBuildPhase section */
		C0565C7B2D4BBE7900496462 /* Sources */ = {
			isa = PBXSourcesBuildPhase;
			buildActionMask = 2147483647;
			files = (
				C0565CD42D4D13D100496462 /* OnboardCollectionViewCell.swift in Sources */,
				C0565CD02D4D137A00496462 /* OnboardViewController.swift in Sources */,
				C0565C872D4BBE7900496462 /* Home.swift in Sources */,
				C0565CCC2D4CF19B00496462 /* CardView.swift in Sources */,
				C0565CE12D4D547200496462 /* AppError.swift in Sources */,
				C0565CBD2D4BF4D400496462 /* TrendingCollectionViewCell.swift in Sources */,
				C0565CDF2D4D541B00496462 /* Method.swift in Sources */,
				C0565CDD2D4D53CE00496462 /* Route.swift in Sources */,
				C0565CD62D4D142000496462 /* OnboardMockData.swift in Sources */,
				C0565CD82D4D537600496462 /* String+Extension.swift in Sources */,
				C0565CC92D4CF0FC00496462 /* UIView+Extension.swift in Sources */,
				C0565CB62D4BEA2900496462 /* MockData.swift in Sources */,
				C0565CE32D4D5BC800496462 /* ServiceManager.swift in Sources */,
				C0565CBF2D4BF4E400496462 /* RecentCollectionViewCell.swift in Sources */,
				C0565CC42D4CE45500496462 /* HomeCollectionReusableView.swift in Sources */,
				C0565C832D4BBE7900496462 /* AppDelegate.swift in Sources */,
				C0565C852D4BBE7900496462 /* SceneDelegate.swift in Sources */,
			);
			runOnlyForDeploymentPostprocessing = 0;
		};
		C0565C912D4BBE7B00496462 /* Sources */ = {
			isa = PBXSourcesBuildPhase;
			buildActionMask = 2147483647;
			files = (
				C0565C9A2D4BBE7B00496462 /* Swift_NewsFeedTests.swift in Sources */,
			);
			runOnlyForDeploymentPostprocessing = 0;
		};
		C0565C9B2D4BBE7B00496462 /* Sources */ = {
			isa = PBXSourcesBuildPhase;
			buildActionMask = 2147483647;
			files = (
				C0565CA42D4BBE7B00496462 /* Swift_NewsFeedUITests.swift in Sources */,
				C0565CA62D4BBE7B00496462 /* Swift_NewsFeedUITestsLaunchTests.swift in Sources */,
			);
			runOnlyForDeploymentPostprocessing = 0;
		};
/* End PBXSourcesBuildPhase section */

/* Begin PBXTargetDependency section */
		C0565C972D4BBE7B00496462 /* PBXTargetDependency */ = {
			isa = PBXTargetDependency;
			target = C0565C7E2D4BBE7900496462 /* Swift-NewsFeed */;
			targetProxy = C0565C962D4BBE7B00496462 /* PBXContainerItemProxy */;
		};
		C0565CA12D4BBE7B00496462 /* PBXTargetDependency */ = {
			isa = PBXTargetDependency;
			target = C0565C7E2D4BBE7900496462 /* Swift-NewsFeed */;
			targetProxy = C0565CA02D4BBE7B00496462 /* PBXContainerItemProxy */;
		};
/* End PBXTargetDependency section */

/* Begin PBXVariantGroup section */
		C0565C882D4BBE7900496462 /* Main.storyboard */ = {
			isa = PBXVariantGroup;
			children = (
				C0565C892D4BBE7900496462 /* Base */,
			);
			name = Main.storyboard;
			sourceTree = "<group>";
		};
		C0565C8D2D4BBE7B00496462 /* LaunchScreen.storyboard */ = {
			isa = PBXVariantGroup;
			children = (
				C0565C8E2D4BBE7B00496462 /* Base */,
			);
			name = LaunchScreen.storyboard;
			sourceTree = "<group>";
		};
/* End PBXVariantGroup section */

/* Begin XCBuildConfiguration section */
		C0565CA72D4BBE7B00496462 /* Debug */ = {
			isa = XCBuildConfiguration;
			buildSettings = {
				ALWAYS_SEARCH_USER_PATHS = NO;
				ASSETCATALOG_COMPILER_GENERATE_SWIFT_ASSET_SYMBOL_EXTENSIONS = YES;
				CLANG_ANALYZER_NONNULL = YES;
				CLANG_ANALYZER_NUMBER_OBJECT_CONVERSION = YES_AGGRESSIVE;
				CLANG_CXX_LANGUAGE_STANDARD = "gnu++20";
				CLANG_ENABLE_MODULES = YES;
				CLANG_ENABLE_OBJC_ARC = YES;
				CLANG_ENABLE_OBJC_WEAK = YES;
				CLANG_WARN_BLOCK_CAPTURE_AUTORELEASING = YES;
				CLANG_WARN_BOOL_CONVERSION = YES;
				CLANG_WARN_COMMA = YES;
				CLANG_WARN_CONSTANT_CONVERSION = YES;
				CLANG_WARN_DEPRECATED_OBJC_IMPLEMENTATIONS = YES;
				CLANG_WARN_DIRECT_OBJC_ISA_USAGE = YES_ERROR;
				CLANG_WARN_DOCUMENTATION_COMMENTS = YES;
				CLANG_WARN_EMPTY_BODY = YES;
				CLANG_WARN_ENUM_CONVERSION = YES;
				CLANG_WARN_INFINITE_RECURSION = YES;
				CLANG_WARN_INT_CONVERSION = YES;
				CLANG_WARN_NON_LITERAL_NULL_CONVERSION = YES;
				CLANG_WARN_OBJC_IMPLICIT_RETAIN_SELF = YES;
				CLANG_WARN_OBJC_LITERAL_CONVERSION = YES;
				CLANG_WARN_OBJC_ROOT_CLASS = YES_ERROR;
				CLANG_WARN_QUOTED_INCLUDE_IN_FRAMEWORK_HEADER = YES;
				CLANG_WARN_RANGE_LOOP_ANALYSIS = YES;
				CLANG_WARN_STRICT_PROTOTYPES = YES;
				CLANG_WARN_SUSPICIOUS_MOVE = YES;
				CLANG_WARN_UNGUARDED_AVAILABILITY = YES_AGGRESSIVE;
				CLANG_WARN_UNREACHABLE_CODE = YES;
				CLANG_WARN__DUPLICATE_METHOD_MATCH = YES;
				COPY_PHASE_STRIP = NO;
				DEBUG_INFORMATION_FORMAT = dwarf;
				ENABLE_STRICT_OBJC_MSGSEND = YES;
				ENABLE_TESTABILITY = YES;
				ENABLE_USER_SCRIPT_SANDBOXING = YES;
				GCC_C_LANGUAGE_STANDARD = gnu17;
				GCC_DYNAMIC_NO_PIC = NO;
				GCC_NO_COMMON_BLOCKS = YES;
				GCC_OPTIMIZATION_LEVEL = 0;
				GCC_PREPROCESSOR_DEFINITIONS = (
					"DEBUG=1",
					"$(inherited)",
				);
				GCC_WARN_64_TO_32_BIT_CONVERSION = YES;
				GCC_WARN_ABOUT_RETURN_TYPE = YES_ERROR;
				GCC_WARN_UNDECLARED_SELECTOR = YES;
				GCC_WARN_UNINITIALIZED_AUTOS = YES_AGGRESSIVE;
				GCC_WARN_UNUSED_FUNCTION = YES;
				GCC_WARN_UNUSED_VARIABLE = YES;
				IPHONEOS_DEPLOYMENT_TARGET = 17.5;
				LOCALIZATION_PREFERS_STRING_CATALOGS = YES;
				MTL_ENABLE_DEBUG_INFO = INCLUDE_SOURCE;
				MTL_FAST_MATH = YES;
				ONLY_ACTIVE_ARCH = YES;
				SDKROOT = iphoneos;
				SWIFT_ACTIVE_COMPILATION_CONDITIONS = "DEBUG $(inherited)";
				SWIFT_OPTIMIZATION_LEVEL = "-Onone";
			};
			name = Debug;
		};
		C0565CA82D4BBE7B00496462 /* Release */ = {
			isa = XCBuildConfiguration;
			buildSettings = {
				ALWAYS_SEARCH_USER_PATHS = NO;
				ASSETCATALOG_COMPILER_GENERATE_SWIFT_ASSET_SYMBOL_EXTENSIONS = YES;
				CLANG_ANALYZER_NONNULL = YES;
				CLANG_ANALYZER_NUMBER_OBJECT_CONVERSION = YES_AGGRESSIVE;
				CLANG_CXX_LANGUAGE_STANDARD = "gnu++20";
				CLANG_ENABLE_MODULES = YES;
				CLANG_ENABLE_OBJC_ARC = YES;
				CLANG_ENABLE_OBJC_WEAK = YES;
				CLANG_WARN_BLOCK_CAPTURE_AUTORELEASING = YES;
				CLANG_WARN_BOOL_CONVERSION = YES;
				CLANG_WARN_COMMA = YES;
				CLANG_WARN_CONSTANT_CONVERSION = YES;
				CLANG_WARN_DEPRECATED_OBJC_IMPLEMENTATIONS = YES;
				CLANG_WARN_DIRECT_OBJC_ISA_USAGE = YES_ERROR;
				CLANG_WARN_DOCUMENTATION_COMMENTS = YES;
				CLANG_WARN_EMPTY_BODY = YES;
				CLANG_WARN_ENUM_CONVERSION = YES;
				CLANG_WARN_INFINITE_RECURSION = YES;
				CLANG_WARN_INT_CONVERSION = YES;
				CLANG_WARN_NON_LITERAL_NULL_CONVERSION = YES;
				CLANG_WARN_OBJC_IMPLICIT_RETAIN_SELF = YES;
				CLANG_WARN_OBJC_LITERAL_CONVERSION = YES;
				CLANG_WARN_OBJC_ROOT_CLASS = YES_ERROR;
				CLANG_WARN_QUOTED_INCLUDE_IN_FRAMEWORK_HEADER = YES;
				CLANG_WARN_RANGE_LOOP_ANALYSIS = YES;
				CLANG_WARN_STRICT_PROTOTYPES = YES;
				CLANG_WARN_SUSPICIOUS_MOVE = YES;
				CLANG_WARN_UNGUARDED_AVAILABILITY = YES_AGGRESSIVE;
				CLANG_WARN_UNREACHABLE_CODE = YES;
				CLANG_WARN__DUPLICATE_METHOD_MATCH = YES;
				COPY_PHASE_STRIP = NO;
				DEBUG_INFORMATION_FORMAT = "dwarf-with-dsym";
				ENABLE_NS_ASSERTIONS = NO;
				ENABLE_STRICT_OBJC_MSGSEND = YES;
				ENABLE_USER_SCRIPT_SANDBOXING = YES;
				GCC_C_LANGUAGE_STANDARD = gnu17;
				GCC_NO_COMMON_BLOCKS = YES;
				GCC_WARN_64_TO_32_BIT_CONVERSION = YES;
				GCC_WARN_ABOUT_RETURN_TYPE = YES_ERROR;
				GCC_WARN_UNDECLARED_SELECTOR = YES;
				GCC_WARN_UNINITIALIZED_AUTOS = YES_AGGRESSIVE;
				GCC_WARN_UNUSED_FUNCTION = YES;
				GCC_WARN_UNUSED_VARIABLE = YES;
				IPHONEOS_DEPLOYMENT_TARGET = 17.5;
				LOCALIZATION_PREFERS_STRING_CATALOGS = YES;
				MTL_ENABLE_DEBUG_INFO = NO;
				MTL_FAST_MATH = YES;
				SDKROOT = iphoneos;
				SWIFT_COMPILATION_MODE = wholemodule;
				VALIDATE_PRODUCT = YES;
			};
			name = Release;
		};
		C0565CAA2D4BBE7B00496462 /* Debug */ = {
			isa = XCBuildConfiguration;
			buildSettings = {
				ASSETCATALOG_COMPILER_APPICON_NAME = AppIcon;
				ASSETCATALOG_COMPILER_GLOBAL_ACCENT_COLOR_NAME = AccentColor;
				CODE_SIGN_STYLE = Automatic;
				CURRENT_PROJECT_VERSION = 1;
				DEVELOPMENT_TEAM = 7UAX3JG94G;
				GENERATE_INFOPLIST_FILE = YES;
				INFOPLIST_FILE = "Swift-NewsFeed/Info.plist";
				INFOPLIST_KEY_UIApplicationSupportsIndirectInputEvents = YES;
				INFOPLIST_KEY_UILaunchStoryboardName = LaunchScreen;
				INFOPLIST_KEY_UIMainStoryboardFile = Main;
				INFOPLIST_KEY_UISupportedInterfaceOrientations_iPad = "UIInterfaceOrientationPortrait UIInterfaceOrientationPortraitUpsideDown UIInterfaceOrientationLandscapeLeft UIInterfaceOrientationLandscapeRight";
				INFOPLIST_KEY_UISupportedInterfaceOrientations_iPhone = "UIInterfaceOrientationPortrait UIInterfaceOrientationLandscapeLeft UIInterfaceOrientationLandscapeRight";
				LD_RUNPATH_SEARCH_PATHS = (
					"$(inherited)",
					"@executable_path/Frameworks",
				);
				MARKETING_VERSION = 1.0;
				PRODUCT_BUNDLE_IDENTIFIER = "berk.Swift-NewsFeed";
				PRODUCT_NAME = "$(TARGET_NAME)";
				SWIFT_EMIT_LOC_STRINGS = YES;
				SWIFT_VERSION = 5.0;
				TARGETED_DEVICE_FAMILY = "1,2";
			};
			name = Debug;
		};
		C0565CAB2D4BBE7B00496462 /* Release */ = {
			isa = XCBuildConfiguration;
			buildSettings = {
				ASSETCATALOG_COMPILER_APPICON_NAME = AppIcon;
				ASSETCATALOG_COMPILER_GLOBAL_ACCENT_COLOR_NAME = AccentColor;
				CODE_SIGN_STYLE = Automatic;
				CURRENT_PROJECT_VERSION = 1;
				DEVELOPMENT_TEAM = 7UAX3JG94G;
				GENERATE_INFOPLIST_FILE = YES;
				INFOPLIST_FILE = "Swift-NewsFeed/Info.plist";
				INFOPLIST_KEY_UIApplicationSupportsIndirectInputEvents = YES;
				INFOPLIST_KEY_UILaunchStoryboardName = LaunchScreen;
				INFOPLIST_KEY_UIMainStoryboardFile = Main;
				INFOPLIST_KEY_UISupportedInterfaceOrientations_iPad = "UIInterfaceOrientationPortrait UIInterfaceOrientationPortraitUpsideDown UIInterfaceOrientationLandscapeLeft UIInterfaceOrientationLandscapeRight";
				INFOPLIST_KEY_UISupportedInterfaceOrientations_iPhone = "UIInterfaceOrientationPortrait UIInterfaceOrientationLandscapeLeft UIInterfaceOrientationLandscapeRight";
				LD_RUNPATH_SEARCH_PATHS = (
					"$(inherited)",
					"@executable_path/Frameworks",
				);
				MARKETING_VERSION = 1.0;
				PRODUCT_BUNDLE_IDENTIFIER = "berk.Swift-NewsFeed";
				PRODUCT_NAME = "$(TARGET_NAME)";
				SWIFT_EMIT_LOC_STRINGS = YES;
				SWIFT_VERSION = 5.0;
				TARGETED_DEVICE_FAMILY = "1,2";
			};
			name = Release;
		};
		C0565CAD2D4BBE7B00496462 /* Debug */ = {
			isa = XCBuildConfiguration;
			buildSettings = {
				ALWAYS_EMBED_SWIFT_STANDARD_LIBRARIES = YES;
				BUNDLE_LOADER = "$(TEST_HOST)";
				CODE_SIGN_STYLE = Automatic;
				CURRENT_PROJECT_VERSION = 1;
				DEVELOPMENT_TEAM = 7UAX3JG94G;
				GENERATE_INFOPLIST_FILE = YES;
				IPHONEOS_DEPLOYMENT_TARGET = 17.5;
				MARKETING_VERSION = 1.0;
				PRODUCT_BUNDLE_IDENTIFIER = "berk.Swift-NewsFeedTests";
				PRODUCT_NAME = "$(TARGET_NAME)";
				SWIFT_EMIT_LOC_STRINGS = NO;
				SWIFT_VERSION = 5.0;
				TARGETED_DEVICE_FAMILY = "1,2";
				TEST_HOST = "$(BUILT_PRODUCTS_DIR)/Swift-NewsFeed.app/$(BUNDLE_EXECUTABLE_FOLDER_PATH)/Swift-NewsFeed";
			};
			name = Debug;
		};
		C0565CAE2D4BBE7B00496462 /* Release */ = {
			isa = XCBuildConfiguration;
			buildSettings = {
				ALWAYS_EMBED_SWIFT_STANDARD_LIBRARIES = YES;
				BUNDLE_LOADER = "$(TEST_HOST)";
				CODE_SIGN_STYLE = Automatic;
				CURRENT_PROJECT_VERSION = 1;
				DEVELOPMENT_TEAM = 7UAX3JG94G;
				GENERATE_INFOPLIST_FILE = YES;
				IPHONEOS_DEPLOYMENT_TARGET = 17.5;
				MARKETING_VERSION = 1.0;
				PRODUCT_BUNDLE_IDENTIFIER = "berk.Swift-NewsFeedTests";
				PRODUCT_NAME = "$(TARGET_NAME)";
				SWIFT_EMIT_LOC_STRINGS = NO;
				SWIFT_VERSION = 5.0;
				TARGETED_DEVICE_FAMILY = "1,2";
				TEST_HOST = "$(BUILT_PRODUCTS_DIR)/Swift-NewsFeed.app/$(BUNDLE_EXECUTABLE_FOLDER_PATH)/Swift-NewsFeed";
			};
			name = Release;
		};
		C0565CB02D4BBE7B00496462 /* Debug */ = {
			isa = XCBuildConfiguration;
			buildSettings = {
				ALWAYS_EMBED_SWIFT_STANDARD_LIBRARIES = YES;
				CODE_SIGN_STYLE = Automatic;
				CURRENT_PROJECT_VERSION = 1;
				DEVELOPMENT_TEAM = 7UAX3JG94G;
				GENERATE_INFOPLIST_FILE = YES;
				MARKETING_VERSION = 1.0;
				PRODUCT_BUNDLE_IDENTIFIER = "berk.Swift-NewsFeedUITests";
				PRODUCT_NAME = "$(TARGET_NAME)";
				SWIFT_EMIT_LOC_STRINGS = NO;
				SWIFT_VERSION = 5.0;
				TARGETED_DEVICE_FAMILY = "1,2";
				TEST_TARGET_NAME = "Swift-NewsFeed";
			};
			name = Debug;
		};
		C0565CB12D4BBE7B00496462 /* Release */ = {
			isa = XCBuildConfiguration;
			buildSettings = {
				ALWAYS_EMBED_SWIFT_STANDARD_LIBRARIES = YES;
				CODE_SIGN_STYLE = Automatic;
				CURRENT_PROJECT_VERSION = 1;
				DEVELOPMENT_TEAM = 7UAX3JG94G;
				GENERATE_INFOPLIST_FILE = YES;
				MARKETING_VERSION = 1.0;
				PRODUCT_BUNDLE_IDENTIFIER = "berk.Swift-NewsFeedUITests";
				PRODUCT_NAME = "$(TARGET_NAME)";
				SWIFT_EMIT_LOC_STRINGS = NO;
				SWIFT_VERSION = 5.0;
				TARGETED_DEVICE_FAMILY = "1,2";
				TEST_TARGET_NAME = "Swift-NewsFeed";
			};
			name = Release;
		};
/* End XCBuildConfiguration section */

/* Begin XCConfigurationList section */
		C0565C7A2D4BBE7900496462 /* Build configuration list for PBXProject "Swift-NewsFeed" */ = {
			isa = XCConfigurationList;
			buildConfigurations = (
				C0565CA72D4BBE7B00496462 /* Debug */,
				C0565CA82D4BBE7B00496462 /* Release */,
			);
			defaultConfigurationIsVisible = 0;
			defaultConfigurationName = Release;
		};
		C0565CA92D4BBE7B00496462 /* Build configuration list for PBXNativeTarget "Swift-NewsFeed" */ = {
			isa = XCConfigurationList;
			buildConfigurations = (
				C0565CAA2D4BBE7B00496462 /* Debug */,
				C0565CAB2D4BBE7B00496462 /* Release */,
			);
			defaultConfigurationIsVisible = 0;
			defaultConfigurationName = Release;
		};
		C0565CAC2D4BBE7B00496462 /* Build configuration list for PBXNativeTarget "Swift-NewsFeedTests" */ = {
			isa = XCConfigurationList;
			buildConfigurations = (
				C0565CAD2D4BBE7B00496462 /* Debug */,
				C0565CAE2D4BBE7B00496462 /* Release */,
			);
			defaultConfigurationIsVisible = 0;
			defaultConfigurationName = Release;
		};
		C0565CAF2D4BBE7B00496462 /* Build configuration list for PBXNativeTarget "Swift-NewsFeedUITests" */ = {
			isa = XCConfigurationList;
			buildConfigurations = (
				C0565CB02D4BBE7B00496462 /* Debug */,
				C0565CB12D4BBE7B00496462 /* Release */,
			);
			defaultConfigurationIsVisible = 0;
			defaultConfigurationName = Release;
		};
/* End XCConfigurationList section */
	};
	rootObject = C0565C772D4BBE7900496462 /* Project object */;
}
